
Microsoft Visual Studio Solution File, Format Version 12.00
# Visual Studio Version 17
VisualStudioVersion = 17.12.35527.113
MinimumVisualStudioVersion = 10.0.40219.1
Project("{FAE04EC0-301F-11D3-BF4B-00C04F79EFBC}") = "Prism.Events", "Prism.Events\Prism.Events.csproj", "{C79F0263-8964-4713-88AA-2AEAAD524B81}"
EndProject
Project("{FAE04EC0-301F-11D3-BF4B-00C04F79EFBC}") = "Prism.Core", "Prism.Core\Prism.Core.csproj", "{8B52FDC6-9E77-409D-8F6E-5C21CF380138}"
EndProject
Project("{FAE04EC0-301F-11D3-BF4B-00C04F79EFBC}") = "Prism.Container.Abstractions", "Prism.Container.Abstractions\Prism.Container.Abstractions.csproj", "{977C2653-23B1-4A47-A37F-230A45C5994F}"
EndProject
Project("{FAE04EC0-301F-11D3-BF4B-00C04F79EFBC}") = "Prism.Container.DI", "Prism.Container.DI\Prism.Container.DI.csproj", "{586EE2B3-B5BA-4B5A-B27F-1BFA1EB91956}"
EndProject
Project("{FAE04EC0-301F-11D3-BF4B-00C04F79EFBC}") = "Prism.DI.Wpf", "Prism.DI.Wpf\Prism.DI.Wpf.csproj", "{232E2791-ED99-4CD7-8368-13A8C0E6591B}"
EndProject
Project("{2150E333-8FDC-42A3-9474-1A3956D46DE8}") = "Base", "Base", "{02F1CF0E-7A83-44C9-8913-B5C340617491}"
EndProject
Project("{2150E333-8FDC-42A3-9474-1A3956D46DE8}") = "Base.Wpf", "Base.Wpf", "{39E33953-516E-4B45-8CA7-8463581E3692}"
EndProject
Project("{FAE04EC0-301F-11D3-BF4B-00C04F79EFBC}") = "Prism.Wpf", "Prism.Wpf\Prism.Wpf.csproj", "{CEF3EC84-CC1E-4976-9C2D-EE368A78A37E}"
EndProject
Project("{FAE04EC0-301F-11D3-BF4B-00C04F79EFBC}") = "Prism.Container.Unity", "Prism.Container.Unity\Prism.Container.Unity.csproj", "{D285D45E-FECD-4F7E-80A1-28817933684F}"
EndProject
Project("{FAE04EC0-301F-11D3-BF4B-00C04F79EFBC}") = "MaPrism.TestDI", "MaPrism.TestDI\MaPrism.TestDI.csproj", "{01127CB5-4540-4C52-AA3B-689ECFD4C28D}"
EndProject
Project("{FAE04EC0-301F-11D3-BF4B-00C04F79EFBC}") = "DryIoc", "DryIoc\DryIoc.csproj", "{E6AF5AB8-DACE-4B4A-ACF2-3685F399974A}"
EndProject
Project("{FAE04EC0-301F-11D3-BF4B-00C04F79EFBC}") = "Prism.DryIoc.Wpf", "Prism.DryIoc.Wpf\Prism.DryIoc.Wpf.csproj", "{D1EC03CB-DC91-43D2-976F-921DEC884BF9}"
EndProject
Project("{FAE04EC0-301F-11D3-BF4B-00C04F79EFBC}") = "Prism.Container.DryIoc", "Prism.Container.DryIoc\Prism.Container.DryIoc.csproj", "{99A9F943-E62A-4D57-BF39-0BBEB50609BC}"
EndProject
Project("{FAE04EC0-301F-11D3-BF4B-00C04F79EFBC}") = "MaPrism.TestDryIoc", "MaPrism.TestDryIoc\MaPrism.TestDryIoc.csproj", "{E6F74993-3E6B-4C50-9C42-FD4A8F332B2E}"
EndProject
Project("{FAE04EC0-301F-11D3-BF4B-00C04F79EFBC}") = "DryIocAttributes", "DryIocAttributes\DryIocAttributes.csproj", "{5069B702-D757-420B-BCB3-523C3E0FFC0C}"
EndProject
Project("{FAE04EC0-301F-11D3-BF4B-00C04F79EFBC}") = "DryIoc.Microsoft.DependencyInjection", "DryIoc.Microsoft.DependencyInjection\DryIoc.Microsoft.DependencyInjection.csproj", "{AC999187-A4A7-4F09-8A0C-6573829D863D}"
EndProject
Project("{FAE04EC0-301F-11D3-BF4B-00C04F79EFBC}") = "MaPrism.TestDryIocAddInDI", "MaPrism.TestDryIocAddInDI\MaPrism.TestDryIocAddInDI.csproj", "{A387EF8D-800C-43F6-B42B-9DBE0305E4FD}"
EndProject
Global
	GlobalSection(SolutionConfigurationPlatforms) = preSolution
		Debug|Any CPU = Debug|Any CPU
		Release|Any CPU = Release|Any CPU
	EndGlobalSection
	GlobalSection(ProjectConfigurationPlatforms) = postSolution
		{C79F0263-8964-4713-88AA-2AEAAD524B81}.Debug|Any CPU.ActiveCfg = Debug|Any CPU
		{C79F0263-8964-4713-88AA-2AEAAD524B81}.Debug|Any CPU.Build.0 = Debug|Any CPU
		{C79F0263-8964-4713-88AA-2AEAAD524B81}.Release|Any CPU.ActiveCfg = Release|Any CPU
		{C79F0263-8964-4713-88AA-2AEAAD524B81}.Release|Any CPU.Build.0 = Release|Any CPU
		{8B52FDC6-9E77-409D-8F6E-5C21CF380138}.Debug|Any CPU.ActiveCfg = Debug|Any CPU
		{8B52FDC6-9E77-409D-8F6E-5C21CF380138}.Debug|Any CPU.Build.0 = Debug|Any CPU
		{8B52FDC6-9E77-409D-8F6E-5C21CF380138}.Release|Any CPU.ActiveCfg = Release|Any CPU
		{8B52FDC6-9E77-409D-8F6E-5C21CF380138}.Release|Any CPU.Build.0 = Release|Any CPU
		{977C2653-23B1-4A47-A37F-230A45C5994F}.Debug|Any CPU.ActiveCfg = Debug|Any CPU
		{977C2653-23B1-4A47-A37F-230A45C5994F}.Debug|Any CPU.Build.0 = Debug|Any CPU
		{977C2653-23B1-4A47-A37F-230A45C5994F}.Release|Any CPU.ActiveCfg = Release|Any CPU
		{977C2653-23B1-4A47-A37F-230A45C5994F}.Release|Any CPU.Build.0 = Release|Any CPU
		{586EE2B3-B5BA-4B5A-B27F-1BFA1EB91956}.Debug|Any CPU.ActiveCfg = Debug|Any CPU
		{586EE2B3-B5BA-4B5A-B27F-1BFA1EB91956}.Debug|Any CPU.Build.0 = Debug|Any CPU
		{586EE2B3-B5BA-4B5A-B27F-1BFA1EB91956}.Release|Any CPU.ActiveCfg = Release|Any CPU
		{586EE2B3-B5BA-4B5A-B27F-1BFA1EB91956}.Release|Any CPU.Build.0 = Release|Any CPU
		{232E2791-ED99-4CD7-8368-13A8C0E6591B}.Debug|Any CPU.ActiveCfg = Debug|Any CPU
		{232E2791-ED99-4CD7-8368-13A8C0E6591B}.Debug|Any CPU.Build.0 = Debug|Any CPU
		{232E2791-ED99-4CD7-8368-13A8C0E6591B}.Release|Any CPU.ActiveCfg = Release|Any CPU
		{232E2791-ED99-4CD7-8368-13A8C0E6591B}.Release|Any CPU.Build.0 = Release|Any CPU
		{CEF3EC84-CC1E-4976-9C2D-EE368A78A37E}.Debug|Any CPU.ActiveCfg = Debug|Any CPU
		{CEF3EC84-CC1E-4976-9C2D-EE368A78A37E}.Debug|Any CPU.Build.0 = Debug|Any CPU
		{CEF3EC84-CC1E-4976-9C2D-EE368A78A37E}.Release|Any CPU.ActiveCfg = Release|Any CPU
		{CEF3EC84-CC1E-4976-9C2D-EE368A78A37E}.Release|Any CPU.Build.0 = Release|Any CPU
		{D285D45E-FECD-4F7E-80A1-28817933684F}.Debug|Any CPU.ActiveCfg = Debug|Any CPU
		{D285D45E-FECD-4F7E-80A1-28817933684F}.Debug|Any CPU.Build.0 = Debug|Any CPU
		{D285D45E-FECD-4F7E-80A1-28817933684F}.Release|Any CPU.ActiveCfg = Release|Any CPU
		{D285D45E-FECD-4F7E-80A1-28817933684F}.Release|Any CPU.Build.0 = Release|Any CPU
		{01127CB5-4540-4C52-AA3B-689ECFD4C28D}.Debug|Any CPU.ActiveCfg = Debug|Any CPU
		{01127CB5-4540-4C52-AA3B-689ECFD4C28D}.Debug|Any CPU.Build.0 = Debug|Any CPU
		{01127CB5-4540-4C52-AA3B-689ECFD4C28D}.Release|Any CPU.ActiveCfg = Release|Any CPU
		{01127CB5-4540-4C52-AA3B-689ECFD4C28D}.Release|Any CPU.Build.0 = Release|Any CPU
		{E6AF5AB8-DACE-4B4A-ACF2-3685F399974A}.Debug|Any CPU.ActiveCfg = Debug|Any CPU
		{E6AF5AB8-DACE-4B4A-ACF2-3685F399974A}.Debug|Any CPU.Build.0 = Debug|Any CPU
		{E6AF5AB8-DACE-4B4A-ACF2-3685F399974A}.Release|Any CPU.ActiveCfg = Release|Any CPU
		{E6AF5AB8-DACE-4B4A-ACF2-3685F399974A}.Release|Any CPU.Build.0 = Release|Any CPU
		{D1EC03CB-DC91-43D2-976F-921DEC884BF9}.Debug|Any CPU.ActiveCfg = Debug|Any CPU
		{D1EC03CB-DC91-43D2-976F-921DEC884BF9}.Debug|Any CPU.Build.0 = Debug|Any CPU
		{D1EC03CB-DC91-43D2-976F-921DEC884BF9}.Release|Any CPU.ActiveCfg = Release|Any CPU
		{D1EC03CB-DC91-43D2-976F-921DEC884BF9}.Release|Any CPU.Build.0 = Release|Any CPU
		{99A9F943-E62A-4D57-BF39-0BBEB50609BC}.Debug|Any CPU.ActiveCfg = Debug|Any CPU
		{99A9F943-E62A-4D57-BF39-0BBEB50609BC}.Debug|Any CPU.Build.0 = Debug|Any CPU
		{99A9F943-E62A-4D57-BF39-0BBEB50609BC}.Release|Any CPU.ActiveCfg = Release|Any CPU
		{99A9F943-E62A-4D57-BF39-0BBEB50609BC}.Release|Any CPU.Build.0 = Release|Any CPU
		{E6F74993-3E6B-4C50-9C42-FD4A8F332B2E}.Debug|Any CPU.ActiveCfg = Debug|Any CPU
		{E6F74993-3E6B-4C50-9C42-FD4A8F332B2E}.Debug|Any CPU.Build.0 = Debug|Any CPU
		{E6F74993-3E6B-4C50-9C42-FD4A8F332B2E}.Release|Any CPU.ActiveCfg = Release|Any CPU
		{E6F74993-3E6B-4C50-9C42-FD4A8F332B2E}.Release|Any CPU.Build.0 = Release|Any CPU
		{5069B702-D757-420B-BCB3-523C3E0FFC0C}.Debug|Any CPU.ActiveCfg = Debug|Any CPU
		{5069B702-D757-420B-BCB3-523C3E0FFC0C}.Debug|Any CPU.Build.0 = Debug|Any CPU
		{5069B702-D757-420B-BCB3-523C3E0FFC0C}.Release|Any CPU.ActiveCfg = Release|Any CPU
		{5069B702-D757-420B-BCB3-523C3E0FFC0C}.Release|Any CPU.Build.0 = Release|Any CPU
		{AC999187-A4A7-4F09-8A0C-6573829D863D}.Debug|Any CPU.ActiveCfg = Debug|Any CPU
		{AC999187-A4A7-4F09-8A0C-6573829D863D}.Debug|Any CPU.Build.0 = Debug|Any CPU
		{AC999187-A4A7-4F09-8A0C-6573829D863D}.Release|Any CPU.ActiveCfg = Release|Any CPU
		{AC999187-A4A7-4F09-8A0C-6573829D863D}.Release|Any CPU.Build.0 = Release|Any CPU
		{A387EF8D-800C-43F6-B42B-9DBE0305E4FD}.Debug|Any CPU.ActiveCfg = Debug|Any CPU
		{A387EF8D-800C-43F6-B42B-9DBE0305E4FD}.Debug|Any CPU.Build.0 = Debug|Any CPU
		{A387EF8D-800C-43F6-B42B-9DBE0305E4FD}.Release|Any CPU.ActiveCfg = Release|Any CPU
		{A387EF8D-800C-43F6-B42B-9DBE0305E4FD}.Release|Any CPU.Build.0 = Release|Any CPU
	EndGlobalSection
	GlobalSection(SolutionProperties) = preSolution
		HideSolutionNode = FALSE
	EndGlobalSection
	GlobalSection(NestedProjects) = preSolution
		{C79F0263-8964-4713-88AA-2AEAAD524B81} = {02F1CF0E-7A83-44C9-8913-B5C340617491}
		{8B52FDC6-9E77-409D-8F6E-5C21CF380138} = {02F1CF0E-7A83-44C9-8913-B5C340617491}
		{977C2653-23B1-4A47-A37F-230A45C5994F} = {02F1CF0E-7A83-44C9-8913-B5C340617491}
		{586EE2B3-B5BA-4B5A-B27F-1BFA1EB91956} = {02F1CF0E-7A83-44C9-8913-B5C340617491}
		{232E2791-ED99-4CD7-8368-13A8C0E6591B} = {39E33953-516E-4B45-8CA7-8463581E3692}
		{CEF3EC84-CC1E-4976-9C2D-EE368A78A37E} = {39E33953-516E-4B45-8CA7-8463581E3692}
		{D285D45E-FECD-4F7E-80A1-28817933684F} = {02F1CF0E-7A83-44C9-8913-B5C340617491}
		{E6AF5AB8-DACE-4B4A-ACF2-3685F399974A} = {02F1CF0E-7A83-44C9-8913-B5C340617491}
		{D1EC03CB-DC91-43D2-976F-921DEC884BF9} = {39E33953-516E-4B45-8CA7-8463581E3692}
		{99A9F943-E62A-4D57-BF39-0BBEB50609BC} = {02F1CF0E-7A83-44C9-8913-B5C340617491}
		{5069B702-D757-420B-BCB3-523C3E0FFC0C} = {02F1CF0E-7A83-44C9-8913-B5C340617491}
		{AC999187-A4A7-4F09-8A0C-6573829D863D} = {02F1CF0E-7A83-44C9-8913-B5C340617491}
	EndGlobalSection
EndGlobal
